{
    "version": 3,
    "terraform_version": "0.11.7",
    "serial": 19,
    "lineage": "cfc8f016-30ca-ef7a-c234-b01ac0d8d2c3",
    "modules": [
        {
            "path": [
                "root"
            ],
            "outputs": {
                "git_url": {
                    "sensitive": false,
                    "type": "string",
                    "value": "https://github.com/IC-CMS/docker-jenkins.git"
                },
                "jenkins_url": {
                    "sensitive": false,
                    "type": "string",
                    "value": "http://localhost:8089"
                },
                "user": {
                    "sensitive": false,
                    "type": "string",
                    "value": "testuser"
                }
            },
            "resources": {
                "consul_node.compute": {
                    "type": "consul_node",
                    "depends_on": [],
                    "primary": {
                        "id": "jenkins-localhost",
                        "attributes": {
                            "address": "localhost",
                            "datacenter": "dc1",
                            "id": "jenkins-localhost",
                            "name": "jenkins"
                        },
                        "meta": {},
                        "tainted": false
                    },
                    "deposed": [],
                    "provider": "provider.consul"
                },
                "consul_service.jenkins": {
                    "type": "consul_service",
                    "depends_on": [
                        "consul_node.compute"
                    ],
                    "primary": {
                        "id": "jenkins",
                        "attributes": {
                            "address": "localhost",
                            "datacenter": "dc1",
                            "id": "jenkins",
                            "name": "jenkins",
                            "node": "jenkins",
                            "port": "80",
                            "service_id": "jenkins",
                            "tags.#": "1",
                            "tags.0": "tag0"
                        },
                        "meta": {},
                        "tainted": false
                    },
                    "deposed": [],
                    "provider": "provider.consul"
                },
                "data.consul_keys.jenkins": {
                    "type": "consul_keys",
                    "depends_on": [],
                    "primary": {
                        "id": "-",
                        "attributes": {
                            "datacenter": "dc1",
                            "id": "-",
                            "key.#": "1",
                            "key.1888223124.default": "",
                            "key.1888223124.name": "jenkins_build_username",
                            "key.1888223124.path": "jenkins/jenkins_build_username",
                            "var.%": "1",
                            "var.jenkins_build_username": "testuser"
                        },
                        "meta": {},
                        "tainted": false
                    },
                    "deposed": [],
                    "provider": "provider.consul"
                },
                "data.vault_generic_secret.jenkins_git_deploy_private_key": {
                    "type": "vault_generic_secret",
                    "depends_on": [],
                    "primary": {
                        "id": "9d502c6e-a2d0-4e39-55b9-4cff9e835088",
                        "attributes": {
                            "data.%": "1",
                            "data.value": "-----BEGIN RSA PRIVATE KEY-----\nMIIEpAIBAAKCAQEA5IlKXsrJ49shAi5nSyc0Tc8Du9HK0BKJcx0rw9+YnE5Mqh7z\nk4juqE8Z5OZnJD73fH6ezJzDRRx3rHaYf+NSZ/Jwzmkn7hAHYP6mPztXBJpoYWwj\n0QS9uLzKmy6M++I38SzltquoeqOBZR0beX4qCLQLSYoyJGJzhuvS31sgYPXCyn5j\nkjHdUZu9xuwMRvFewuMTeRyOT1i0oON8L9EQd47QLtRjdAlbtkE5Enm7XRuhR0fM\nJEnNZqzss4jI7g2+A1LCejzgmwP/JtXdVyoSAJfFNz6m+T6AGNXmQ0wvyoeEWWXO\nBit1aP+5LIbxDofyLr1MY3NWTqbY54sKWN3vpQIDAQABAoIBAEuaw7jCW7H+v1fK\nZC+vo5UOJE0RZYgaadBkWSMuqH0lRiWNocUwKswRhx57vql2D0fnV7+XKN6HQWwT\nu/WrDYsH4JvYm/Yc5WQIOpV2mx4RuvBn5x1x9RXVly1pZAi8WQd3c/NPrKgNyXPb\nAkjaHSvN7GICzv3MeC2tfJCZxAdvBkYDmiKk1bwfdkYSK/muIfpI8V/L90gCwxrK\n3GURj1PF0ypzNRBj2Sg6DAbIG3Qv2z2fBo1BPP83YbaEWbCN8LX1GRC59BAN9rjB\nPDWGnuHS7QLe8M50SLiIwVBr2BYwKx4IZ/px8eCb8Qu9WNJFDFAfwjGTlnoQ217J\nwgkX6kECgYEA+h6ZBEWM2qb0sP2hV00EYK7NGltkkUku6eqO7VYmktGRBW0CZh7n\ncNAMM03n4y1AALwSE3j+f8tSIJ8j4DtGG75i/ylBi65zt/ksvHZdPT6XvhtfSgVW\nOSZuVSF9aYPYw5kdH0ZHXKWUmrQ9WTo8hZXfIOPtL06NJtKJosUvElECgYEA6ejK\nAyl4XIveLMFB5d+I2D333imX1d7U6uqvfGVWmupa/WuPwTyb9EYI9CQjfPVJ56Gt\nMDetR4hK88cl9dpmCogHiwsjxnEmiDS74Riv9/Nw0M7pTA0sqh7v5iH4nVO6G7PV\nIjGoat3emeXwlLp5FsoaxkGMdPtQekWXllMnvxUCgYEAyGvqS2z74F22Z3jlZxI0\n9tA7U+p2HKFa8V/eJbpJ8I3zOjjOmkwbQt/DVv0PWo/w4GXTyjzDGl4vMiqzUcPN\nev/FTheeCTLCUWJegaoLLr9QUqqWYbcDD4qHELpkRz+6W4n+twfWuRuJh6n0GuK6\nioS8phtd/PFh1AES/xYokPECgYAiJyQ/2/FACggRntIhX0ca08l6PbZ2usd52XRw\nBFfl3KwWbnsZ6uCWhRdPlms8FpCI6plf/fEmDadr+rr3L8FQblYznhfGJMVMg+6e\nyjz/RiNFycBUo2PPHx9GCdXEGvKEkvheusNtfyG+dM1w2d1OT4ojQnTgq8UvZTPh\n9hhKlQKBgQDRliAQcCHtQP+Quvj7afaL9Vujz9Hb7MlEUZ3T8znpcGjIlEz4QpRS\nqVC7IfPtCWLAHDOL7GXkcczYL/3UXJh6mB+CHSyG9g/vB6TmkzIcMJKw11y6kU+Z\nFPJRY+Sdexa4RKjW2U8zNorWvGnVhMoASfXRiyjlthXsAmN0rffTQw==\n-----END RSA PRIVATE KEY-----\n",
                            "data_json": "{\"value\":\"-----BEGIN RSA PRIVATE KEY-----\\nMIIEpAIBAAKCAQEA5IlKXsrJ49shAi5nSyc0Tc8Du9HK0BKJcx0rw9+YnE5Mqh7z\\nk4juqE8Z5OZnJD73fH6ezJzDRRx3rHaYf+NSZ/Jwzmkn7hAHYP6mPztXBJpoYWwj\\n0QS9uLzKmy6M++I38SzltquoeqOBZR0beX4qCLQLSYoyJGJzhuvS31sgYPXCyn5j\\nkjHdUZu9xuwMRvFewuMTeRyOT1i0oON8L9EQd47QLtRjdAlbtkE5Enm7XRuhR0fM\\nJEnNZqzss4jI7g2+A1LCejzgmwP/JtXdVyoSAJfFNz6m+T6AGNXmQ0wvyoeEWWXO\\nBit1aP+5LIbxDofyLr1MY3NWTqbY54sKWN3vpQIDAQABAoIBAEuaw7jCW7H+v1fK\\nZC+vo5UOJE0RZYgaadBkWSMuqH0lRiWNocUwKswRhx57vql2D0fnV7+XKN6HQWwT\\nu/WrDYsH4JvYm/Yc5WQIOpV2mx4RuvBn5x1x9RXVly1pZAi8WQd3c/NPrKgNyXPb\\nAkjaHSvN7GICzv3MeC2tfJCZxAdvBkYDmiKk1bwfdkYSK/muIfpI8V/L90gCwxrK\\n3GURj1PF0ypzNRBj2Sg6DAbIG3Qv2z2fBo1BPP83YbaEWbCN8LX1GRC59BAN9rjB\\nPDWGnuHS7QLe8M50SLiIwVBr2BYwKx4IZ/px8eCb8Qu9WNJFDFAfwjGTlnoQ217J\\nwgkX6kECgYEA+h6ZBEWM2qb0sP2hV00EYK7NGltkkUku6eqO7VYmktGRBW0CZh7n\\ncNAMM03n4y1AALwSE3j+f8tSIJ8j4DtGG75i/ylBi65zt/ksvHZdPT6XvhtfSgVW\\nOSZuVSF9aYPYw5kdH0ZHXKWUmrQ9WTo8hZXfIOPtL06NJtKJosUvElECgYEA6ejK\\nAyl4XIveLMFB5d+I2D333imX1d7U6uqvfGVWmupa/WuPwTyb9EYI9CQjfPVJ56Gt\\nMDetR4hK88cl9dpmCogHiwsjxnEmiDS74Riv9/Nw0M7pTA0sqh7v5iH4nVO6G7PV\\nIjGoat3emeXwlLp5FsoaxkGMdPtQekWXllMnvxUCgYEAyGvqS2z74F22Z3jlZxI0\\n9tA7U+p2HKFa8V/eJbpJ8I3zOjjOmkwbQt/DVv0PWo/w4GXTyjzDGl4vMiqzUcPN\\nev/FTheeCTLCUWJegaoLLr9QUqqWYbcDD4qHELpkRz+6W4n+twfWuRuJh6n0GuK6\\nioS8phtd/PFh1AES/xYokPECgYAiJyQ/2/FACggRntIhX0ca08l6PbZ2usd52XRw\\nBFfl3KwWbnsZ6uCWhRdPlms8FpCI6plf/fEmDadr+rr3L8FQblYznhfGJMVMg+6e\\nyjz/RiNFycBUo2PPHx9GCdXEGvKEkvheusNtfyG+dM1w2d1OT4ojQnTgq8UvZTPh\\n9hhKlQKBgQDRliAQcCHtQP+Quvj7afaL9Vujz9Hb7MlEUZ3T8znpcGjIlEz4QpRS\\nqVC7IfPtCWLAHDOL7GXkcczYL/3UXJh6mB+CHSyG9g/vB6TmkzIcMJKw11y6kU+Z\\nFPJRY+Sdexa4RKjW2U8zNorWvGnVhMoASfXRiyjlthXsAmN0rffTQw==\\n-----END RSA PRIVATE KEY-----\\n\"}",
                            "id": "9d502c6e-a2d0-4e39-55b9-4cff9e835088",
                            "lease_duration": "2764800",
                            "lease_id": "",
                            "lease_renewable": "false",
                            "lease_start_time": "RFC5559",
                            "path": "secret/jenkins/git_deploy_private_key"
                        },
                        "meta": {},
                        "tainted": false
                    },
                    "deposed": [],
                    "provider": "provider.vault"
                },
                "data.vault_generic_secret.jenkins_password": {
                    "type": "vault_generic_secret",
                    "depends_on": [],
                    "primary": {
                        "id": "dadf5563-2b2a-6dfd-14d4-3d8469bae683",
                        "attributes": {
                            "data.%": "1",
                            "data.value": "!Welcome123456",
                            "data_json": "{\"value\":\"!Welcome123456\"}",
                            "id": "dadf5563-2b2a-6dfd-14d4-3d8469bae683",
                            "lease_duration": "2764800",
                            "lease_id": "",
                            "lease_renewable": "false",
                            "lease_start_time": "RFC5559",
                            "path": "secret/jenkins/password"
                        },
                        "meta": {},
                        "tainted": false
                    },
                    "deposed": [],
                    "provider": "provider.vault"
                },
                "data.vault_generic_secret.jenkins_token": {
                    "type": "vault_generic_secret",
                    "depends_on": [],
                    "primary": {
                        "id": "8ebedcc1-f475-40b6-733b-581b48ec84a8",
                        "attributes": {
                            "data.%": "1",
                            "data.value": "ag326785a23ag76hkl3m32h",
                            "data_json": "{\"value\":\"ag326785a23ag76hkl3m32h\"}",
                            "id": "8ebedcc1-f475-40b6-733b-581b48ec84a8",
                            "lease_duration": "2764800",
                            "lease_id": "",
                            "lease_renewable": "false",
                            "lease_start_time": "RFC5559",
                            "path": "secret/jenkins/token"
                        },
                        "meta": {},
                        "tainted": false
                    },
                    "deposed": [],
                    "provider": "provider.vault"
                },
                "jenkins_job.jenkins-docker": {
                    "type": "jenkins_job",
                    "depends_on": [
                        "data.consul_keys.jenkins",
                        "data.vault_generic_secret.jenkins_password",
                        "data.vault_generic_secret.jenkins_token"
                    ],
                    "primary": {
                        "id": "docker-jenkins",
                        "attributes": {
                            "description": "jenkins-docker Test Build",
                            "disabled": "false",
                            "display_name": "jenkins-docker Project",
                            "hash": "0cc5fc65056dabb1538faa5fdb50f4f7",
                            "id": "docker-jenkins",
                            "name": "docker-jenkins",
                            "parameters.%": "15",
                            "parameters.BranchFilterType": "All",
                            "parameters.BranchSpec": "refs/heads/master",
                            "parameters.CISSkip": "1",
                            "parameters.CredentialsId": "testuser1",
                            "parameters.GenerateSubmoduleConfiguration": "0",
                            "parameters.GitLabConnection": "https://github.com/IC-CMS/docker-jenkins.git",
                            "parameters.KeepDependencies": "1",
                            "parameters.NoteRegex": "Jenkins please retry a build",
                            "parameters.SecretToken": "ag326785a23ag76hkl3m32h",
                            "parameters.SkipWorkInProgressMergeRequest": "1",
                            "parameters.TriggerOnMergeRequest": "1",
                            "parameters.TriggerOnNoteRequest": "1",
                            "parameters.TriggerOnPush": "1",
                            "parameters.TriggerOpenMergeRequestOnPush": "never",
                            "parameters.UserRemoteConfig": "https://github.com/IC-CMS/docker-jenkins.git",
                            "template": "file://./job_template.xml"
                        },
                        "meta": {},
                        "tainted": false
                    },
                    "deposed": [],
                    "provider": "provider.jenkins"
                }
            },
            "depends_on": []
        }
    ]
}
